
Microsoft Visual Studio Solution File, Format Version 12.00
# Visual Studio Version 17
VisualStudioVersion = 17.4.33122.133
MinimumVisualStudioVersion = 10.0.40219.1
Project("{FAE04EC0-301F-11D3-BF4B-00C04F79EFBC}") = "MobileIMU.Android", "MobileIMU.Android\MobileIMU.Android.csproj", "{A5AC9C1F-9FC6-4494-9081-A09562E24113}"
EndProject
Project("{FAE04EC0-301F-11D3-BF4B-00C04F79EFBC}") = "MobileIMU", "MobileIMU\MobileIMU.csproj", "{C1E087E9-4423-4B6B-BDA6-411DA7CB361C}"
EndProject
Global
	GlobalSection(SolutionConfigurationPlatforms) = preSolution
		Debug|Any CPU = Debug|Any CPU
		Release|Any CPU = Release|Any CPU
	EndGlobalSection
	GlobalSection(ProjectConfigurationPlatforms) = postSolution
		{A5AC9C1F-9FC6-4494-9081-A09562E24113}.Debug|Any CPU.ActiveCfg = Debug|Any CPU
		{A5AC9C1F-9FC6-4494-9081-A09562E24113}.Debug|Any CPU.Build.0 = Debug|Any CPU
		{A5AC9C1F-9FC6-4494-9081-A09562E24113}.Debug|Any CPU.Deploy.0 = Debug|Any CPU
		{A5AC9C1F-9FC6-4494-9081-A09562E24113}.Release|Any CPU.ActiveCfg = Release|Any CPU
		{A5AC9C1F-9FC6-4494-9081-A09562E24113}.Release|Any CPU.Build.0 = Release|Any CPU
		{A5AC9C1F-9FC6-4494-9081-A09562E24113}.Release|Any CPU.Deploy.0 = Release|Any CPU
		{C1E087E9-4423-4B6B-BDA6-411DA7CB361C}.Debug|Any CPU.ActiveCfg = Debug|Any CPU
		{C1E087E9-4423-4B6B-BDA6-411DA7CB361C}.Debug|Any CPU.Build.0 = Debug|Any CPU
		{C1E087E9-4423-4B6B-BDA6-411DA7CB361C}.Debug|Any CPU.Deploy.0 = Debug|Any CPU
		{C1E087E9-4423-4B6B-BDA6-411DA7CB361C}.Release|Any CPU.ActiveCfg = Release|Any CPU
		{C1E087E9-4423-4B6B-BDA6-411DA7CB361C}.Release|Any CPU.Build.0 = Release|Any CPU
		{C1E087E9-4423-4B6B-BDA6-411DA7CB361C}.Release|Any CPU.Deploy.0 = Release|Any CPU
	EndGlobalSection
	GlobalSection(SolutionProperties) = preSolution
		HideSolutionNode = FALSE
	EndGlobalSection
	GlobalSection(ExtensibilityGlobals) = postSolution
		SolutionGuid = {EC42A369-BAF2-41A3-90A5-ADA774F1082C}
	EndGlobalSection
EndGlobal
